
Microsoft Visual Studio Solution File, Format Version 12.00
Project("{FAE04EC0-301F-11D3-BF4B-00C04F79EFBC}") = "TestingApi", "TestingApi\TestingApi.csproj", "{148AA81E-AC54-4856-9BC4-D86434D3882C}"
EndProject
Global
	GlobalSection(SolutionConfigurationPlatforms) = preSolution
		Debug|Any CPU = Debug|Any CPU
		Release|Any CPU = Release|Any CPU
	EndGlobalSection
	GlobalSection(ProjectConfigurationPlatforms) = postSolution
		{148AA81E-AC54-4856-9BC4-D86434D3882C}.Debug|Any CPU.ActiveCfg = Debug|Any CPU
		{148AA81E-AC54-4856-9BC4-D86434D3882C}.Debug|Any CPU.Build.0 = Debug|Any CPU
		{148AA81E-AC54-4856-9BC4-D86434D3882C}.Release|Any CPU.ActiveCfg = Release|Any CPU
		{148AA81E-AC54-4856-9BC4-D86434D3882C}.Release|Any CPU.Build.0 = Release|Any CPU
	EndGlobalSection
EndGlobal
